
Microsoft Visual Studio Solution File, Format Version 12.00
# Visual Studio Version 17
VisualStudioVersion = 17.12.35506.116 d17.12
MinimumVisualStudioVersion = 10.0.40219.1
Project("{FAE04EC0-301F-11D3-BF4B-00C04F79EFBC}") = "ProductManager.Server", "ProductManager.Server\ProductManager.Server.csproj", "{9C187168-4F79-4CE0-A9DE-20E7C4ABACE9}"
EndProject
Project("{54A90642-561A-4BB1-A94E-469ADEE60C69}") = "productmanager.client", "productmanager.client\productmanager.client.esproj", "{99735D50-615E-42AF-B4F0-B0FE65C7898E}"
EndProject
Global
	GlobalSection(SolutionConfigurationPlatforms) = preSolution
		Debug|Any CPU = Debug|Any CPU
		Release|Any CPU = Release|Any CPU
	EndGlobalSection
	GlobalSection(ProjectConfigurationPlatforms) = postSolution
		{9C187168-4F79-4CE0-A9DE-20E7C4ABACE9}.Debug|Any CPU.ActiveCfg = Debug|Any CPU
		{9C187168-4F79-4CE0-A9DE-20E7C4ABACE9}.Debug|Any CPU.Build.0 = Debug|Any CPU
		{9C187168-4F79-4CE0-A9DE-20E7C4ABACE9}.Release|Any CPU.ActiveCfg = Release|Any CPU
		{9C187168-4F79-4CE0-A9DE-20E7C4ABACE9}.Release|Any CPU.Build.0 = Release|Any CPU
		{99735D50-615E-42AF-B4F0-B0FE65C7898E}.Debug|Any CPU.ActiveCfg = Debug|Any CPU
		{99735D50-615E-42AF-B4F0-B0FE65C7898E}.Debug|Any CPU.Build.0 = Debug|Any CPU
		{99735D50-615E-42AF-B4F0-B0FE65C7898E}.Debug|Any CPU.Deploy.0 = Debug|Any CPU
		{99735D50-615E-42AF-B4F0-B0FE65C7898E}.Release|Any CPU.ActiveCfg = Release|Any CPU
		{99735D50-615E-42AF-B4F0-B0FE65C7898E}.Release|Any CPU.Build.0 = Release|Any CPU
		{99735D50-615E-42AF-B4F0-B0FE65C7898E}.Release|Any CPU.Deploy.0 = Release|Any CPU
	EndGlobalSection
	GlobalSection(SolutionProperties) = preSolution
		HideSolutionNode = FALSE
	EndGlobalSection
EndGlobal
